<?xml version="1.0" encoding="utf-8"?>
<Project ToolsVersion="4.0" xmlns="http://schemas.microsoft.com/developer/msbuild/2003">
  <ItemGroup>
    <Filter Include="Source Files">
      <UniqueIdentifier>{D0427D45-ADBB-4A8B-BD16-4C6DC7E01CF8}</UniqueIdentifier>
      <Extensions>cpp;c;cxx</Extensions>
    </Filter>
    <Filter Include="Header Files">
      <UniqueIdentifier>{B311C058-2C94-472D-98C3-A9740FB19599}</UniqueIdentifier>
      <Extensions>h;hpp;hxx</Extensions>
    </Filter>
    <Filter Include="IDL Files">
      <UniqueIdentifier>{1FE78E2A-BF53-49C3-B9B8-6149E8B7C7BC}</UniqueIdentifier>
      <Extensions>idl</Extensions>
    </Filter>
  </ItemGroup>
  <ItemGroup>
    <ClCompile Include="pch.cpp">
      <Filter>Source Files</Filter>
    </ClCompile>
    <ClCompile Include="ExpoModulesDotnetInstaller.cpp">
      <Filter>Source Files</Filter>
    </ClCompile>
    <ClCompile Include="ManagedLoader.cpp">
      <Filter>Source Files</Filter>
    </ClCompile>
    <ClCompile Include="ReactPackageProvider.cpp">
      <Filter>Source Files</Filter>
    </ClCompile>
    <ClCompile Include="..\..\..\native\packages\jsi\src\ExpoJsiBridge.cpp">
      <Filter>Source Files</Filter>
    </ClCompile>
    <ClCompile Include="..\..\..\native\packages\jsi\src\ReactNativeRuntimeConnector.cpp">
      <Filter>Source Files</Filter>
    </ClCompile>
  </ItemGroup>
  <ItemGroup>
    <ClInclude Include="ExpoModulesDotnetInstaller.h">
      <Filter>Header Files</Filter>
    </ClInclude>
    <ClInclude Include="ManagedHostFxr.h">
      <Filter>Header Files</Filter>
    </ClInclude>
    <ClInclude Include="ManagedLoader.h">
      <Filter>Header Files</Filter>
    </ClInclude>
    <ClInclude Include="ReactPackageProvider.h">
      <Filter>Header Files</Filter>
    </ClInclude>
    <ClInclude Include="resource.h">
      <Filter>Header Files</Filter>
    </ClInclude>
    <ClInclude Include="pch.h">
      <Filter>Header Files</Filter>
    </ClInclude>
    <ClInclude Include="targetver.h">
      <Filter>Header Files</Filter>
    </ClInclude>
  </ItemGroup>
  <ItemGroup>
    <Midl Include="ReactPackageProvider.idl">
      <Filter>IDL Files</Filter>
    </Midl>
  </ItemGroup>
</Project>
