<?xml version="1.0" encoding="utf-8"?>
<Project ToolsVersion="4.0" xmlns="http://schemas.microsoft.com/developer/msbuild/2003">
  <ItemGroup>
    <Filter Include="Source Files">
      <UniqueIdentifier>{79FB7C1A-08DA-4E7D-9EC1-B6F156766E74}</UniqueIdentifier>
      <Extensions>cpp;c;cxx</Extensions>
    </Filter>
    <Filter Include="Header Files">
      <UniqueIdentifier>{79D0F5C1-A119-48B0-95BC-8F7C5113FCD2}</UniqueIdentifier>
      <Extensions>h;hpp;hxx</Extensions>
    </Filter>
    <Filter Include="IDL Files">
      <UniqueIdentifier>{1231D3F1-682F-4410-9F47-E6FF7FCA54F9}</UniqueIdentifier>
      <Extensions>idl</Extensions>
    </Filter>
  </ItemGroup>
  <ItemGroup>
    <ClCompile Include="pch.cpp">
      <Filter>Source Files</Filter>
    </ClCompile>
    <ClCompile Include="ExpoDotnetViewManager.cpp">
      <Filter>Source Files</Filter>
    </ClCompile>
    <ClCompile Include="ManagedViewHost.cpp">
      <Filter>Source Files</Filter>
    </ClCompile>
    <ClCompile Include="ReactPackageProvider.cpp">
      <Filter>Source Files</Filter>
    </ClCompile>
    <ClCompile Include="..\..\..\expo-modules-dotnet\windows\ExpoModulesDotnet\ManagedLoader.cpp">
      <Filter>Source Files</Filter>
    </ClCompile>
  </ItemGroup>
  <ItemGroup>
    <ClInclude Include="ExpoDotnetViewManager.h">
      <Filter>Header Files</Filter>
    </ClInclude>
    <ClInclude Include="ManagedViewHost.h">
      <Filter>Header Files</Filter>
    </ClInclude>
    <ClInclude Include="ReactPackageProvider.h">
      <Filter>Header Files</Filter>
    </ClInclude>
    <ClInclude Include="resource.h">
      <Filter>Header Files</Filter>
    </ClInclude>
    <ClInclude Include="pch.h">
      <Filter>Header Files</Filter>
    </ClInclude>
    <ClInclude Include="targetver.h">
      <Filter>Header Files</Filter>
    </ClInclude>
  </ItemGroup>
  <ItemGroup>
    <Midl Include="ReactPackageProvider.idl">
      <Filter>IDL Files</Filter>
    </Midl>
  </ItemGroup>
</Project>
